
Microsoft Visual Studio Solution File, Format Version 12.00
# Visual Studio 16
Project("{FAE04EC0-301F-11D3-BF4B-00C04F79EFBC}") = "NavMeshComponents", "NavMeshComponents.csproj", "{562585E1-A9A0-A455-B01B-360D9FB892A0}"
EndProject
Project("{FAE04EC0-301F-11D3-BF4B-00C04F79EFBC}") = "Assembly-CSharp", "Assembly-CSharp.csproj", "{F2AF0A67-440A-1B30-47F0-27457EBE5958}"
EndProject
Project("{FAE04EC0-301F-11D3-BF4B-00C04F79EFBC}") = "NavMeshComponentsEditor", "NavMeshComponentsEditor.csproj", "{FC95A254-547B-9AD1-F2F1-F674900DB9B3}"
EndProject
Project("{FAE04EC0-301F-11D3-BF4B-00C04F79EFBC}") = "Assembly-CSharp-Editor", "Assembly-CSharp-Editor.csproj", "{8F10FDB0-D504-B70D-E284-6BF29B27CF17}"
EndProject
Global
	GlobalSection(SolutionConfigurationPlatforms) = preSolution
		Debug|Any CPU = Debug|Any CPU
		Release|Any CPU = Release|Any CPU
	EndGlobalSection
	GlobalSection(ProjectConfigurationPlatforms) = postSolution
		{562585E1-A9A0-A455-B01B-360D9FB892A0}.Debug|Any CPU.ActiveCfg = Debug|Any CPU
		{562585E1-A9A0-A455-B01B-360D9FB892A0}.Debug|Any CPU.Build.0 = Debug|Any CPU
		{562585E1-A9A0-A455-B01B-360D9FB892A0}.Release|Any CPU.ActiveCfg = Release|Any CPU
		{562585E1-A9A0-A455-B01B-360D9FB892A0}.Release|Any CPU.Build.0 = Release|Any CPU
		{F2AF0A67-440A-1B30-47F0-27457EBE5958}.Debug|Any CPU.ActiveCfg = Debug|Any CPU
		{F2AF0A67-440A-1B30-47F0-27457EBE5958}.Debug|Any CPU.Build.0 = Debug|Any CPU
		{F2AF0A67-440A-1B30-47F0-27457EBE5958}.Release|Any CPU.ActiveCfg = Release|Any CPU
		{F2AF0A67-440A-1B30-47F0-27457EBE5958}.Release|Any CPU.Build.0 = Release|Any CPU
		{FC95A254-547B-9AD1-F2F1-F674900DB9B3}.Debug|Any CPU.ActiveCfg = Debug|Any CPU
		{FC95A254-547B-9AD1-F2F1-F674900DB9B3}.Debug|Any CPU.Build.0 = Debug|Any CPU
		{FC95A254-547B-9AD1-F2F1-F674900DB9B3}.Release|Any CPU.ActiveCfg = Release|Any CPU
		{FC95A254-547B-9AD1-F2F1-F674900DB9B3}.Release|Any CPU.Build.0 = Release|Any CPU
		{8F10FDB0-D504-B70D-E284-6BF29B27CF17}.Debug|Any CPU.ActiveCfg = Debug|Any CPU
		{8F10FDB0-D504-B70D-E284-6BF29B27CF17}.Debug|Any CPU.Build.0 = Debug|Any CPU
		{8F10FDB0-D504-B70D-E284-6BF29B27CF17}.Release|Any CPU.ActiveCfg = Release|Any CPU
		{8F10FDB0-D504-B70D-E284-6BF29B27CF17}.Release|Any CPU.Build.0 = Release|Any CPU
	EndGlobalSection
	GlobalSection(SolutionProperties) = preSolution
		HideSolutionNode = FALSE
	EndGlobalSection
EndGlobal
